{
  "requires": true,
  "lockfileVersion": 1,
  "dependencies": {
    "react-progress-ui": {
      "version": "1.0.25",
      "resolved": "https://registry.npmjs.org/react-progress-ui/-/react-progress-ui-1.0.25.tgz",
      "integrity": "sha512-a/t37t/sEGkQH3Poe9qUqd4aZwQY/G14BkmSfJsVQkH1puPdxLisi9vgR6MNm+jMviQLFG2BrWUY0tGj+HtsvA=="
    }
  }
}
